
Microsoft Visual Studio Solution File, Format Version 12.00
# Visual Studio Version 16
VisualStudioVersion = 16.0.32002.261
MinimumVisualStudioVersion = 10.0.40219.1
Project("{FAE04EC0-301F-11D3-BF4B-00C04F79EFBC}") = "TiendaBigFeet", "TiendaBigFeet\TiendaBigFeet.csproj", "{454AF634-DA5E-43A8-89FD-587F9ADFF57D}"
EndProject
Global
	GlobalSection(SolutionConfigurationPlatforms) = preSolution
		Debug|Any CPU = Debug|Any CPU
		Release|Any CPU = Release|Any CPU
	EndGlobalSection
	GlobalSection(ProjectConfigurationPlatforms) = postSolution
		{454AF634-DA5E-43A8-89FD-587F9ADFF57D}.Debug|Any CPU.ActiveCfg = Debug|Any CPU
		{454AF634-DA5E-43A8-89FD-587F9ADFF57D}.Debug|Any CPU.Build.0 = Debug|Any CPU
		{454AF634-DA5E-43A8-89FD-587F9ADFF57D}.Release|Any CPU.ActiveCfg = Release|Any CPU
		{454AF634-DA5E-43A8-89FD-587F9ADFF57D}.Release|Any CPU.Build.0 = Release|Any CPU
	EndGlobalSection
	GlobalSection(SolutionProperties) = preSolution
		HideSolutionNode = FALSE
	EndGlobalSection
	GlobalSection(ExtensibilityGlobals) = postSolution
		SolutionGuid = {0BB9CE9A-0F51-41E1-A146-B35CBC908D34}
	EndGlobalSection
EndGlobal
